
Microsoft Visual Studio Solution File, Format Version 12.00
# Visual Studio Version 17
VisualStudioVersion = 17.8.34330.188
MinimumVisualStudioVersion = 10.0.40219.1
Project("{FAE04EC0-301F-11D3-BF4B-00C04F79EFBC}") = "Uploads", "Uploads\Uploads.csproj", "{0CDBF280-D0B1-44A6-992D-E4EBC069088B}"
EndProject
Global
	GlobalSection(SolutionConfigurationPlatforms) = preSolution
		Debug|Any CPU = Debug|Any CPU
		Release|Any CPU = Release|Any CPU
	EndGlobalSection
	GlobalSection(ProjectConfigurationPlatforms) = postSolution
		{0CDBF280-D0B1-44A6-992D-E4EBC069088B}.Debug|Any CPU.ActiveCfg = Debug|Any CPU
		{0CDBF280-D0B1-44A6-992D-E4EBC069088B}.Debug|Any CPU.Build.0 = Debug|Any CPU
		{0CDBF280-D0B1-44A6-992D-E4EBC069088B}.Release|Any CPU.ActiveCfg = Release|Any CPU
		{0CDBF280-D0B1-44A6-992D-E4EBC069088B}.Release|Any CPU.Build.0 = Release|Any CPU
	EndGlobalSection
	GlobalSection(SolutionProperties) = preSolution
		HideSolutionNode = FALSE
	EndGlobalSection
	GlobalSection(ExtensibilityGlobals) = postSolution
		SolutionGuid = {BD087873-68B9-4E07-A53E-7516A6A22B58}
	EndGlobalSection
EndGlobal
